Microsoft Visual Studio Solution File, Format Version 12.00
# Visual Studio Version 17
VisualStudioVersion = 17.5.2.0
MinimumVisualStudioVersion = 10.0.40219.1
Project("{2150E333-8FDC-42A3-9474-1A3956D46DE8}") = "tests", "tests", "{0AB3BF05-4346-4AA6-1389-037BE0695223}"
EndProject
Project("{2150E333-8FDC-42A3-9474-1A3956D46DE8}") = "unit", "unit", "{9D556B49-86D1-93A7-9596-FFAAB74EC556}"
EndProject
Project("{2150E333-8FDC-42A3-9474-1A3956D46DE8}") = "integration", "integration", "{8D556B49-86D1-93A7-9596-FFAAB74EC557}"
EndProject
Project("{FAE04EC0-301F-11D3-BF4B-00C04F79EFBC}") = "MinhasFinancas.Tests", "tests\unit\MinhasFinancas.Tests\MinhasFinancas.Tests.csproj", "{F93559FC-2077-20BD-19F8-DE0EF70BBCE5}"
EndProject
Project("{FAE04EC0-301F-11D3-BF4B-00C04F79EFBC}") = "MinhasFinancas.IntegrationTests", "tests\integration\MinhasFinancas.IntegrationTests\MinhasFinancas.IntegrationTests.csproj", "{A93559FC-2077-20BD-19F8-DE0EF70BBCE6}"
EndProject
Global
	GlobalSection(SolutionConfigurationPlatforms) = preSolution
		Debug|Any CPU = Debug|Any CPU
		Release|Any CPU = Release|Any CPU
	EndGlobalSection
	GlobalSection(ProjectConfigurationPlatforms) = postSolution
		{F93559FC-2077-20BD-19F8-DE0EF70BBCE5}.Debug|Any CPU.ActiveCfg = Debug|Any CPU
		{F93559FC-2077-20BD-19F8-DE0EF70BBCE5}.Debug|Any CPU.Build.0 = Debug|Any CPU
		{F93559FC-2077-20BD-19F8-DE0EF70BBCE5}.Release|Any CPU.ActiveCfg = Release|Any CPU
		{F93559FC-2077-20BD-19F8-DE0EF70BBCE5}.Release|Any CPU.Build.0 = Release|Any CPU
		{A93559FC-2077-20BD-19F8-DE0EF70BBCE6}.Debug|Any CPU.ActiveCfg = Debug|Any CPU
		{A93559FC-2077-20BD-19F8-DE0EF70BBCE6}.Debug|Any CPU.Build.0 = Debug|Any CPU
		{A93559FC-2077-20BD-19F8-DE0EF70BBCE6}.Release|Any CPU.ActiveCfg = Release|Any CPU
		{A93559FC-2077-20BD-19F8-DE0EF70BBCE6}.Release|Any CPU.Build.0 = Release|Any CPU
	EndGlobalSection
	GlobalSection(SolutionProperties) = preSolution
		HideSolutionNode = FALSE
	EndGlobalSection
	GlobalSection(NestedProjects) = preSolution
		{9D556B49-86D1-93A7-9596-FFAAB74EC556} = {0AB3BF05-4346-4AA6-1389-037BE0695223}
		{8D556B49-86D1-93A7-9596-FFAAB74EC557} = {0AB3BF05-4346-4AA6-1389-037BE0695223}
		{F93559FC-2077-20BD-19F8-DE0EF70BBCE5} = {9D556B49-86D1-93A7-9596-FFAAB74EC556}
		{A93559FC-2077-20BD-19F8-DE0EF70BBCE6} = {8D556B49-86D1-93A7-9596-FFAAB74EC557}
	EndGlobalSection
	GlobalSection(ExtensibilityGlobals) = postSolution
		SolutionGuid = {7EBBB7C2-3571-4230-988C-3142E5DD1D01}
	EndGlobalSection
EndGlobal
